{
  "nodes": {
    "flake-compat": {
      "flake": false,
      "locked": {
        "lastModified": 1641205782,
        "narHash": "sha256-4jY7RCWUoZ9cKD8co0/4tFARpWB+57+r1bLLvXNJliY=",
        "owner": "edolstra",
        "repo": "flake-compat",
        "rev": "b7547d3eed6f32d06102ead8991ec52ab0a4f1a7",
        "type": "github"
      },
      "original": {
        "owner": "edolstra",
        "repo": "flake-compat",
        "type": "github"
      }
    },
    "nixpkgs": {
      "locked": {
        "lastModified": 1666056570,
        "narHash": "sha256-e7EkIY68Tp7NKyp9JSHh6CgPPdsKYYWxiL4wZQN8Cwg=",
        "owner": "NixOS",
        "repo": "nixpkgs",
        "rev": "47edaa313fc3767ce3026037a5b62352f22f3602",
        "type": "github"
      },
      "original": {
        "owner": "NixOS",
        "ref": "nixos-22.05",
        "repo": "nixpkgs",
        "type": "github"
      }
    },
    "root": {
      "inputs": {
        "flake-compat": "flake-compat",
        "nixpkgs": "nixpkgs",
        "src": "src"
      }
    },
    "src": {
      "flake": false,
      "locked": {
        "lastModified": 1663607290,
        "narHash": "sha256-AaFctLXhzq3Wk+KjxskxazpNEX7UAmXeiJxhYXYwksk=",
        "owner": "pgbackrest",
        "repo": "pgbackrest",
        "rev": "6b355806cc288e6f473254412337596287291798",
        "type": "github"
      },
      "original": {
        "owner": "pgbackrest",
        "ref": "release/2.41",
        "repo": "pgbackrest",
        "type": "github"
      }
    }
  },
  "root": "root",
  "version": 7
}
