{
  "nodes": {
    "flake-compat": {
      "flake": false,
      "locked": {
        "lastModified": 1641205782,
        "narHash": "sha256-4jY7RCWUoZ9cKD8co0/4tFARpWB+57+r1bLLvXNJliY=",
        "owner": "edolstra",
        "repo": "flake-compat",
        "rev": "b7547d3eed6f32d06102ead8991ec52ab0a4f1a7",
        "type": "github"
      },
      "original": {
        "owner": "edolstra",
        "repo": "flake-compat",
        "type": "github"
      }
    },
    "nixpkgs": {
      "locked": {
        "lastModified": 1646588256,
        "narHash": "sha256-ZHljmNlt19nSm0Mz8fx6QEhddKUkU4hhwFmfNmGn+EY=",
        "owner": "NixOS",
        "repo": "nixpkgs",
        "rev": "2ebb6c1e5ae402ba35cca5eec58385e5f1adea04",
        "type": "github"
      },
      "original": {
        "owner": "NixOS",
        "ref": "nixos-21.11",
        "repo": "nixpkgs",
        "type": "github"
      }
    },
    "root": {
      "inputs": {
        "flake-compat": "flake-compat",
        "nixpkgs": "nixpkgs",
        "src": "src"
      }
    },
    "src": {
      "flake": false,
      "locked": {
        "lastModified": 1646584259,
        "narHash": "sha256-ZojEh5UBrH8kehUv9W4NC7B5E+zO22mwLaWP8mhIbnk=",
        "owner": "pgbackrest",
        "repo": "pgbackrest",
        "rev": "5249b89a2e94fdbb45461faaf2e1b0304b986ac7",
        "type": "github"
      },
      "original": {
        "owner": "pgbackrest",
        "ref": "release/2.38",
        "repo": "pgbackrest",
        "type": "github"
      }
    }
  },
  "root": "root",
  "version": 7
}
